
Microsoft Visual Studio Solution File, Format Version 12.00
# Visual Studio Version 16
VisualStudioVersion = 16.0.30114.105
MinimumVisualStudioVersion = 10.0.40219.1
Project("{2150E333-8FDC-42A3-9474-1A3956D46DE8}") = "src", "src", "{2CF7D41B-A791-43C6-BCB8-F1F621761C92}"
EndProject
Project("{FAE04EC0-301F-11D3-BF4B-00C04F79EFBC}") = "Mojapi.Core", "src\Mojapi.Core\Mojapi.Core.csproj", "{058B076E-F689-4657-83FB-71021CFB8C63}"
EndProject
Project("{2150E333-8FDC-42A3-9474-1A3956D46DE8}") = "tests", "tests", "{BFB9E33D-77CD-46D2-806F-1B3ED0E2B8DF}"
EndProject
Project("{FAE04EC0-301F-11D3-BF4B-00C04F79EFBC}") = "Mojapi.Core.Test", "tests\Mojapi.Core.Test\Mojapi.Core.Test.csproj", "{5D7609F8-35FC-41FB-A792-BAE4ADDDC7C4}"
EndProject
Project("{2150E333-8FDC-42A3-9474-1A3956D46DE8}") = "examples", "examples", "{E9F35D79-5720-466E-BBA1-97959F078625}"
EndProject
Project("{FAE04EC0-301F-11D3-BF4B-00C04F79EFBC}") = "PlayerUuid", "examples\PlayerUuid\PlayerUuid.csproj", "{5E1164E5-BB75-4C15-AA18-EF341609307A}"
EndProject
Project("{FAE04EC0-301F-11D3-BF4B-00C04F79EFBC}") = "ServiceStatus", "examples\ServiceStatus\ServiceStatus.csproj", "{07595C3E-FD5F-406D-AB85-4219CCFA4D23}"
EndProject
Project("{FAE04EC0-301F-11D3-BF4B-00C04F79EFBC}") = "PlayerNameHistory", "examples\PlayerNameHistory\PlayerNameHistory.csproj", "{AAFA1049-54B0-4741-8CEE-403D9C0640D0}"
EndProject
Project("{FAE04EC0-301F-11D3-BF4B-00C04F79EFBC}") = "PlayerProfile", "examples\PlayerProfile\PlayerProfile.csproj", "{395A946B-E592-4481-A6AC-FE93F2CF9378}"
EndProject
Project("{FAE04EC0-301F-11D3-BF4B-00C04F79EFBC}") = "Authenticate", "examples\Authenticate\Authenticate.csproj", "{CE4704B4-FB4A-403F-835C-BD7ABA3836CD}"
EndProject
Project("{FAE04EC0-301F-11D3-BF4B-00C04F79EFBC}") = "ChangeName", "examples\ChangeName\ChangeName.csproj", "{7EA1AC2F-FDE9-4C91-8180-3093C522105B}"
EndProject
Project("{FAE04EC0-301F-11D3-BF4B-00C04F79EFBC}") = "ChangeSkinViaUrl", "examples\ChangeSkinViaUrl\ChangeSkinViaUrl.csproj", "{73CE13C5-5175-4868-BDDC-A9E87554FB86}"
EndProject
Project("{FAE04EC0-301F-11D3-BF4B-00C04F79EFBC}") = "UploadSkin", "examples\UploadSkin\UploadSkin.csproj", "{EB51E56A-58E6-451C-A673-687FB7B944F4}"
EndProject
Global
	GlobalSection(SolutionConfigurationPlatforms) = preSolution
		Debug|Any CPU = Debug|Any CPU
		Debug|x64 = Debug|x64
		Debug|x86 = Debug|x86
		Release|Any CPU = Release|Any CPU
		Release|x64 = Release|x64
		Release|x86 = Release|x86
	EndGlobalSection
	GlobalSection(SolutionProperties) = preSolution
		HideSolutionNode = FALSE
	EndGlobalSection
	GlobalSection(ProjectConfigurationPlatforms) = postSolution
		{058B076E-F689-4657-83FB-71021CFB8C63}.Debug|Any CPU.ActiveCfg = Debug|Any CPU
		{058B076E-F689-4657-83FB-71021CFB8C63}.Debug|Any CPU.Build.0 = Debug|Any CPU
		{058B076E-F689-4657-83FB-71021CFB8C63}.Debug|x64.ActiveCfg = Debug|Any CPU
		{058B076E-F689-4657-83FB-71021CFB8C63}.Debug|x64.Build.0 = Debug|Any CPU
		{058B076E-F689-4657-83FB-71021CFB8C63}.Debug|x86.ActiveCfg = Debug|Any CPU
		{058B076E-F689-4657-83FB-71021CFB8C63}.Debug|x86.Build.0 = Debug|Any CPU
		{058B076E-F689-4657-83FB-71021CFB8C63}.Release|Any CPU.ActiveCfg = Release|Any CPU
		{058B076E-F689-4657-83FB-71021CFB8C63}.Release|Any CPU.Build.0 = Release|Any CPU
		{058B076E-F689-4657-83FB-71021CFB8C63}.Release|x64.ActiveCfg = Release|Any CPU
		{058B076E-F689-4657-83FB-71021CFB8C63}.Release|x64.Build.0 = Release|Any CPU
		{058B076E-F689-4657-83FB-71021CFB8C63}.Release|x86.ActiveCfg = Release|Any CPU
		{058B076E-F689-4657-83FB-71021CFB8C63}.Release|x86.Build.0 = Release|Any CPU
		{5D7609F8-35FC-41FB-A792-BAE4ADDDC7C4}.Debug|Any CPU.ActiveCfg = Debug|Any CPU
		{5D7609F8-35FC-41FB-A792-BAE4ADDDC7C4}.Debug|Any CPU.Build.0 = Debug|Any CPU
		{5D7609F8-35FC-41FB-A792-BAE4ADDDC7C4}.Debug|x64.ActiveCfg = Debug|Any CPU
		{5D7609F8-35FC-41FB-A792-BAE4ADDDC7C4}.Debug|x64.Build.0 = Debug|Any CPU
		{5D7609F8-35FC-41FB-A792-BAE4ADDDC7C4}.Debug|x86.ActiveCfg = Debug|Any CPU
		{5D7609F8-35FC-41FB-A792-BAE4ADDDC7C4}.Debug|x86.Build.0 = Debug|Any CPU
		{5D7609F8-35FC-41FB-A792-BAE4ADDDC7C4}.Release|Any CPU.ActiveCfg = Release|Any CPU
		{5D7609F8-35FC-41FB-A792-BAE4ADDDC7C4}.Release|Any CPU.Build.0 = Release|Any CPU
		{5D7609F8-35FC-41FB-A792-BAE4ADDDC7C4}.Release|x64.ActiveCfg = Release|Any CPU
		{5D7609F8-35FC-41FB-A792-BAE4ADDDC7C4}.Release|x64.Build.0 = Release|Any CPU
		{5D7609F8-35FC-41FB-A792-BAE4ADDDC7C4}.Release|x86.ActiveCfg = Release|Any CPU
		{5D7609F8-35FC-41FB-A792-BAE4ADDDC7C4}.Release|x86.Build.0 = Release|Any CPU
		{5E1164E5-BB75-4C15-AA18-EF341609307A}.Debug|Any CPU.ActiveCfg = Debug|Any CPU
		{5E1164E5-BB75-4C15-AA18-EF341609307A}.Debug|Any CPU.Build.0 = Debug|Any CPU
		{5E1164E5-BB75-4C15-AA18-EF341609307A}.Debug|x64.ActiveCfg = Debug|Any CPU
		{5E1164E5-BB75-4C15-AA18-EF341609307A}.Debug|x64.Build.0 = Debug|Any CPU
		{5E1164E5-BB75-4C15-AA18-EF341609307A}.Debug|x86.ActiveCfg = Debug|Any CPU
		{5E1164E5-BB75-4C15-AA18-EF341609307A}.Debug|x86.Build.0 = Debug|Any CPU
		{5E1164E5-BB75-4C15-AA18-EF341609307A}.Release|Any CPU.ActiveCfg = Release|Any CPU
		{5E1164E5-BB75-4C15-AA18-EF341609307A}.Release|Any CPU.Build.0 = Release|Any CPU
		{5E1164E5-BB75-4C15-AA18-EF341609307A}.Release|x64.ActiveCfg = Release|Any CPU
		{5E1164E5-BB75-4C15-AA18-EF341609307A}.Release|x64.Build.0 = Release|Any CPU
		{5E1164E5-BB75-4C15-AA18-EF341609307A}.Release|x86.ActiveCfg = Release|Any CPU
		{5E1164E5-BB75-4C15-AA18-EF341609307A}.Release|x86.Build.0 = Release|Any CPU
		{07595C3E-FD5F-406D-AB85-4219CCFA4D23}.Debug|Any CPU.ActiveCfg = Debug|Any CPU
		{07595C3E-FD5F-406D-AB85-4219CCFA4D23}.Debug|Any CPU.Build.0 = Debug|Any CPU
		{07595C3E-FD5F-406D-AB85-4219CCFA4D23}.Debug|x64.ActiveCfg = Debug|Any CPU
		{07595C3E-FD5F-406D-AB85-4219CCFA4D23}.Debug|x64.Build.0 = Debug|Any CPU
		{07595C3E-FD5F-406D-AB85-4219CCFA4D23}.Debug|x86.ActiveCfg = Debug|Any CPU
		{07595C3E-FD5F-406D-AB85-4219CCFA4D23}.Debug|x86.Build.0 = Debug|Any CPU
		{07595C3E-FD5F-406D-AB85-4219CCFA4D23}.Release|Any CPU.ActiveCfg = Release|Any CPU
		{07595C3E-FD5F-406D-AB85-4219CCFA4D23}.Release|Any CPU.Build.0 = Release|Any CPU
		{07595C3E-FD5F-406D-AB85-4219CCFA4D23}.Release|x64.ActiveCfg = Release|Any CPU
		{07595C3E-FD5F-406D-AB85-4219CCFA4D23}.Release|x64.Build.0 = Release|Any CPU
		{07595C3E-FD5F-406D-AB85-4219CCFA4D23}.Release|x86.ActiveCfg = Release|Any CPU
		{07595C3E-FD5F-406D-AB85-4219CCFA4D23}.Release|x86.Build.0 = Release|Any CPU
		{AAFA1049-54B0-4741-8CEE-403D9C0640D0}.Debug|Any CPU.ActiveCfg = Debug|Any CPU
		{AAFA1049-54B0-4741-8CEE-403D9C0640D0}.Debug|Any CPU.Build.0 = Debug|Any CPU
		{AAFA1049-54B0-4741-8CEE-403D9C0640D0}.Debug|x64.ActiveCfg = Debug|Any CPU
		{AAFA1049-54B0-4741-8CEE-403D9C0640D0}.Debug|x64.Build.0 = Debug|Any CPU
		{AAFA1049-54B0-4741-8CEE-403D9C0640D0}.Debug|x86.ActiveCfg = Debug|Any CPU
		{AAFA1049-54B0-4741-8CEE-403D9C0640D0}.Debug|x86.Build.0 = Debug|Any CPU
		{AAFA1049-54B0-4741-8CEE-403D9C0640D0}.Release|Any CPU.ActiveCfg = Release|Any CPU
		{AAFA1049-54B0-4741-8CEE-403D9C0640D0}.Release|Any CPU.Build.0 = Release|Any CPU
		{AAFA1049-54B0-4741-8CEE-403D9C0640D0}.Release|x64.ActiveCfg = Release|Any CPU
		{AAFA1049-54B0-4741-8CEE-403D9C0640D0}.Release|x64.Build.0 = Release|Any CPU
		{AAFA1049-54B0-4741-8CEE-403D9C0640D0}.Release|x86.ActiveCfg = Release|Any CPU
		{AAFA1049-54B0-4741-8CEE-403D9C0640D0}.Release|x86.Build.0 = Release|Any CPU
		{395A946B-E592-4481-A6AC-FE93F2CF9378}.Debug|Any CPU.ActiveCfg = Debug|Any CPU
		{395A946B-E592-4481-A6AC-FE93F2CF9378}.Debug|Any CPU.Build.0 = Debug|Any CPU
		{395A946B-E592-4481-A6AC-FE93F2CF9378}.Debug|x64.ActiveCfg = Debug|Any CPU
		{395A946B-E592-4481-A6AC-FE93F2CF9378}.Debug|x64.Build.0 = Debug|Any CPU
		{395A946B-E592-4481-A6AC-FE93F2CF9378}.Debug|x86.ActiveCfg = Debug|Any CPU
		{395A946B-E592-4481-A6AC-FE93F2CF9378}.Debug|x86.Build.0 = Debug|Any CPU
		{395A946B-E592-4481-A6AC-FE93F2CF9378}.Release|Any CPU.ActiveCfg = Release|Any CPU
		{395A946B-E592-4481-A6AC-FE93F2CF9378}.Release|Any CPU.Build.0 = Release|Any CPU
		{395A946B-E592-4481-A6AC-FE93F2CF9378}.Release|x64.ActiveCfg = Release|Any CPU
		{395A946B-E592-4481-A6AC-FE93F2CF9378}.Release|x64.Build.0 = Release|Any CPU
		{395A946B-E592-4481-A6AC-FE93F2CF9378}.Release|x86.ActiveCfg = Release|Any CPU
		{395A946B-E592-4481-A6AC-FE93F2CF9378}.Release|x86.Build.0 = Release|Any CPU
		{CE4704B4-FB4A-403F-835C-BD7ABA3836CD}.Debug|Any CPU.ActiveCfg = Debug|Any CPU
		{CE4704B4-FB4A-403F-835C-BD7ABA3836CD}.Debug|Any CPU.Build.0 = Debug|Any CPU
		{CE4704B4-FB4A-403F-835C-BD7ABA3836CD}.Debug|x64.ActiveCfg = Debug|Any CPU
		{CE4704B4-FB4A-403F-835C-BD7ABA3836CD}.Debug|x64.Build.0 = Debug|Any CPU
		{CE4704B4-FB4A-403F-835C-BD7ABA3836CD}.Debug|x86.ActiveCfg = Debug|Any CPU
		{CE4704B4-FB4A-403F-835C-BD7ABA3836CD}.Debug|x86.Build.0 = Debug|Any CPU
		{CE4704B4-FB4A-403F-835C-BD7ABA3836CD}.Release|Any CPU.ActiveCfg = Release|Any CPU
		{CE4704B4-FB4A-403F-835C-BD7ABA3836CD}.Release|Any CPU.Build.0 = Release|Any CPU
		{CE4704B4-FB4A-403F-835C-BD7ABA3836CD}.Release|x64.ActiveCfg = Release|Any CPU
		{CE4704B4-FB4A-403F-835C-BD7ABA3836CD}.Release|x64.Build.0 = Release|Any CPU
		{CE4704B4-FB4A-403F-835C-BD7ABA3836CD}.Release|x86.ActiveCfg = Release|Any CPU
		{CE4704B4-FB4A-403F-835C-BD7ABA3836CD}.Release|x86.Build.0 = Release|Any CPU
		{7EA1AC2F-FDE9-4C91-8180-3093C522105B}.Debug|Any CPU.ActiveCfg = Debug|Any CPU
		{7EA1AC2F-FDE9-4C91-8180-3093C522105B}.Debug|Any CPU.Build.0 = Debug|Any CPU
		{7EA1AC2F-FDE9-4C91-8180-3093C522105B}.Debug|x64.ActiveCfg = Debug|Any CPU
		{7EA1AC2F-FDE9-4C91-8180-3093C522105B}.Debug|x64.Build.0 = Debug|Any CPU
		{7EA1AC2F-FDE9-4C91-8180-3093C522105B}.Debug|x86.ActiveCfg = Debug|Any CPU
		{7EA1AC2F-FDE9-4C91-8180-3093C522105B}.Debug|x86.Build.0 = Debug|Any CPU
		{7EA1AC2F-FDE9-4C91-8180-3093C522105B}.Release|Any CPU.ActiveCfg = Release|Any CPU
		{7EA1AC2F-FDE9-4C91-8180-3093C522105B}.Release|Any CPU.Build.0 = Release|Any CPU
		{7EA1AC2F-FDE9-4C91-8180-3093C522105B}.Release|x64.ActiveCfg = Release|Any CPU
		{7EA1AC2F-FDE9-4C91-8180-3093C522105B}.Release|x64.Build.0 = Release|Any CPU
		{7EA1AC2F-FDE9-4C91-8180-3093C522105B}.Release|x86.ActiveCfg = Release|Any CPU
		{7EA1AC2F-FDE9-4C91-8180-3093C522105B}.Release|x86.Build.0 = Release|Any CPU
		{73CE13C5-5175-4868-BDDC-A9E87554FB86}.Debug|Any CPU.ActiveCfg = Debug|Any CPU
		{73CE13C5-5175-4868-BDDC-A9E87554FB86}.Debug|Any CPU.Build.0 = Debug|Any CPU
		{73CE13C5-5175-4868-BDDC-A9E87554FB86}.Debug|x64.ActiveCfg = Debug|Any CPU
		{73CE13C5-5175-4868-BDDC-A9E87554FB86}.Debug|x64.Build.0 = Debug|Any CPU
		{73CE13C5-5175-4868-BDDC-A9E87554FB86}.Debug|x86.ActiveCfg = Debug|Any CPU
		{73CE13C5-5175-4868-BDDC-A9E87554FB86}.Debug|x86.Build.0 = Debug|Any CPU
		{73CE13C5-5175-4868-BDDC-A9E87554FB86}.Release|Any CPU.ActiveCfg = Release|Any CPU
		{73CE13C5-5175-4868-BDDC-A9E87554FB86}.Release|Any CPU.Build.0 = Release|Any CPU
		{73CE13C5-5175-4868-BDDC-A9E87554FB86}.Release|x64.ActiveCfg = Release|Any CPU
		{73CE13C5-5175-4868-BDDC-A9E87554FB86}.Release|x64.Build.0 = Release|Any CPU
		{73CE13C5-5175-4868-BDDC-A9E87554FB86}.Release|x86.ActiveCfg = Release|Any CPU
		{73CE13C5-5175-4868-BDDC-A9E87554FB86}.Release|x86.Build.0 = Release|Any CPU
		{EB51E56A-58E6-451C-A673-687FB7B944F4}.Debug|Any CPU.ActiveCfg = Debug|Any CPU
		{EB51E56A-58E6-451C-A673-687FB7B944F4}.Debug|Any CPU.Build.0 = Debug|Any CPU
		{EB51E56A-58E6-451C-A673-687FB7B944F4}.Debug|x64.ActiveCfg = Debug|Any CPU
		{EB51E56A-58E6-451C-A673-687FB7B944F4}.Debug|x64.Build.0 = Debug|Any CPU
		{EB51E56A-58E6-451C-A673-687FB7B944F4}.Debug|x86.ActiveCfg = Debug|Any CPU
		{EB51E56A-58E6-451C-A673-687FB7B944F4}.Debug|x86.Build.0 = Debug|Any CPU
		{EB51E56A-58E6-451C-A673-687FB7B944F4}.Release|Any CPU.ActiveCfg = Release|Any CPU
		{EB51E56A-58E6-451C-A673-687FB7B944F4}.Release|Any CPU.Build.0 = Release|Any CPU
		{EB51E56A-58E6-451C-A673-687FB7B944F4}.Release|x64.ActiveCfg = Release|Any CPU
		{EB51E56A-58E6-451C-A673-687FB7B944F4}.Release|x64.Build.0 = Release|Any CPU
		{EB51E56A-58E6-451C-A673-687FB7B944F4}.Release|x86.ActiveCfg = Release|Any CPU
		{EB51E56A-58E6-451C-A673-687FB7B944F4}.Release|x86.Build.0 = Release|Any CPU
	EndGlobalSection
	GlobalSection(NestedProjects) = preSolution
		{058B076E-F689-4657-83FB-71021CFB8C63} = {2CF7D41B-A791-43C6-BCB8-F1F621761C92}
		{5D7609F8-35FC-41FB-A792-BAE4ADDDC7C4} = {BFB9E33D-77CD-46D2-806F-1B3ED0E2B8DF}
		{5E1164E5-BB75-4C15-AA18-EF341609307A} = {E9F35D79-5720-466E-BBA1-97959F078625}
		{07595C3E-FD5F-406D-AB85-4219CCFA4D23} = {E9F35D79-5720-466E-BBA1-97959F078625}
		{AAFA1049-54B0-4741-8CEE-403D9C0640D0} = {E9F35D79-5720-466E-BBA1-97959F078625}
		{395A946B-E592-4481-A6AC-FE93F2CF9378} = {E9F35D79-5720-466E-BBA1-97959F078625}
		{CE4704B4-FB4A-403F-835C-BD7ABA3836CD} = {E9F35D79-5720-466E-BBA1-97959F078625}
		{7EA1AC2F-FDE9-4C91-8180-3093C522105B} = {E9F35D79-5720-466E-BBA1-97959F078625}
		{73CE13C5-5175-4868-BDDC-A9E87554FB86} = {E9F35D79-5720-466E-BBA1-97959F078625}
		{EB51E56A-58E6-451C-A673-687FB7B944F4} = {E9F35D79-5720-466E-BBA1-97959F078625}
	EndGlobalSection
EndGlobal
